PODS:
  - FlutterMacOS (1.0.0)
  - thermion_flutter (0.0.1):
    - FlutterMacOS

DEPENDENCIES:
  - FlutterMacOS (from `Flutter/ephemeral`)
  - thermion_flutter (from `Flutter/ephemeral/.symlinks/plugins/thermion_flutter/macos`)

EXTERNAL SOURCES:
  FlutterMacOS:
    :path: Flutter/ephemeral
  thermion_flutter:
    :path: Flutter/ephemeral/.symlinks/plugins/thermion_flutter/macos

SPEC CHECKSUMS:
  FlutterMacOS: d0db08ddef1a9af05a5ec4b724367152bb0500b1
  thermion_flutter: d5d52ef933321eedbee6c4ddda4259c8cbcc84ed

PODFILE CHECKSUM: 89c84cf5c2351c1e554c6dea18d31a879fc3a19e

COCOAPODS: 1.16.2
